
Microsoft Visual Studio Solution File, Format Version 12.00
# Visual Studio 15
VisualStudioVersion = 15.0.28010.2041
MinimumVisualStudioVersion = 10.0.40219.1
Project("{8BC9CEB8-8B4A-11D0-8D11-00A0C91BC942}") = "OpenGL Raytracer", "OpenGL Raytracer\OpenGL Raytracer.vcxproj", "{1DC27BA3-2D5B-438D-BF91-164D6AE74F0A}"
EndProject
Global
	GlobalSection(SolutionConfigurationPlatforms) = preSolution
		Debug|x64 = Debug|x64
		Debug|x86 = Debug|x86
		Release|x64 = Release|x64
		Release|x86 = Release|x86
	EndGlobalSection
	GlobalSection(ProjectConfigurationPlatforms) = postSolution
		{1DC27BA3-2D5B-438D-BF91-164D6AE74F0A}.Debug|x64.ActiveCfg = Debug|x64
		{1DC27BA3-2D5B-438D-BF91-164D6AE74F0A}.Debug|x64.Build.0 = Debug|x64
		{1DC27BA3-2D5B-438D-BF91-164D6AE74F0A}.Debug|x86.ActiveCfg = Debug|Win32
		{1DC27BA3-2D5B-438D-BF91-164D6AE74F0A}.Debug|x86.Build.0 = Debug|Win32
		{1DC27BA3-2D5B-438D-BF91-164D6AE74F0A}.Release|x64.ActiveCfg = Release|x64
		{1DC27BA3-2D5B-438D-BF91-164D6AE74F0A}.Release|x64.Build.0 = Release|x64
		{1DC27BA3-2D5B-438D-BF91-164D6AE74F0A}.Release|x86.ActiveCfg = Release|Win32
		{1DC27BA3-2D5B-438D-BF91-164D6AE74F0A}.Release|x86.Build.0 = Release|Win32
	EndGlobalSection
	GlobalSection(SolutionProperties) = preSolution
		HideSolutionNode = FALSE
	EndGlobalSection
	GlobalSection(ExtensibilityGlobals) = postSolution
		SolutionGuid = {E741B4DA-0FDE-42E6-B940-1A1D0A9F2AB7}
	EndGlobalSection
EndGlobal
